
Microsoft Visual Studio Solution File, Format Version 12.00
# Visual Studio Version 16
VisualStudioVersion = 16.0.32106.194
MinimumVisualStudioVersion = 10.0.40219.1
Project("{9A19103F-16F7-4668-BE54-9A1E7A4F7556}") = "Lab_10", "Lab_10.csproj", "{1A4C257F-8220-4DED-B27B-1B3A9C40A89C}"
EndProject
Project("{FAE04EC0-301F-11D3-BF4B-00C04F79EFBC}") = "Lab_10_MSTest", "..\Lab_10_MSTest\Lab_10_MSTest.csproj", "{CDFF1A09-9421-4619-BC71-648890150DC2}"
EndProject
Global
	GlobalSection(SolutionConfigurationPlatforms) = preSolution
		Debug|Any CPU = Debug|Any CPU
		Release|Any CPU = Release|Any CPU
	EndGlobalSection
	GlobalSection(ProjectConfigurationPlatforms) = postSolution
		{1A4C257F-8220-4DED-B27B-1B3A9C40A89C}.Debug|Any CPU.ActiveCfg = Debug|Any CPU
		{1A4C257F-8220-4DED-B27B-1B3A9C40A89C}.Debug|Any CPU.Build.0 = Debug|Any CPU
		{1A4C257F-8220-4DED-B27B-1B3A9C40A89C}.Release|Any CPU.ActiveCfg = Release|Any CPU
		{1A4C257F-8220-4DED-B27B-1B3A9C40A89C}.Release|Any CPU.Build.0 = Release|Any CPU
		{CDFF1A09-9421-4619-BC71-648890150DC2}.Debug|Any CPU.ActiveCfg = Debug|Any CPU
		{CDFF1A09-9421-4619-BC71-648890150DC2}.Debug|Any CPU.Build.0 = Debug|Any CPU
		{CDFF1A09-9421-4619-BC71-648890150DC2}.Release|Any CPU.ActiveCfg = Release|Any CPU
		{CDFF1A09-9421-4619-BC71-648890150DC2}.Release|Any CPU.Build.0 = Release|Any CPU
	EndGlobalSection
	GlobalSection(SolutionProperties) = preSolution
		HideSolutionNode = FALSE
	EndGlobalSection
	GlobalSection(ExtensibilityGlobals) = postSolution
		SolutionGuid = {261A8BE4-C135-4A18-907F-76BBB3063104}
	EndGlobalSection
EndGlobal
